{
  "name": "astrocite-papers",
  "version": "0.15.0",
  "lockfileVersion": 1,
  "requires": true,
  "dependencies": {
    "@types/xmldom": {
      "version": "0.1.29",
      "resolved": "https://registry.npmjs.org/@types/xmldom/-/xmldom-0.1.29.tgz",
      "integrity": "sha1-xEKLDKhtO4gUdXJv2UmAs4onw4E=",
      "dev": true
    },
    "astrocite-core": {
      "version": "file:../core",
      "requires": {
        "csl-json": "^0.1.0"
      },
      "dependencies": {
        "csl-json": {
          "version": "0.1.0",
          "resolved": "https://registry.npmjs.org/csl-json/-/csl-json-0.1.0.tgz",
          "integrity": "sha512-KMvcQ07H0kMpzl2aO1mgyp+F+LVk+z+QMpN01noMUv0Uu4mqg4KyJjeM2u2716qU9ZgPq1Kr30DXqhT4RuEg1w=="
        }
      }
    },
    "csl-json": {
      "version": "0.1.0",
      "resolved": "https://registry.npmjs.org/csl-json/-/csl-json-0.1.0.tgz",
      "integrity": "sha512-KMvcQ07H0kMpzl2aO1mgyp+F+LVk+z+QMpN01noMUv0Uu4mqg4KyJjeM2u2716qU9ZgPq1Kr30DXqhT4RuEg1w=="
    },
    "fontoxpath": {
      "version": "3.9.2",
      "resolved": "https://registry.npmjs.org/fontoxpath/-/fontoxpath-3.9.2.tgz",
      "integrity": "sha512-AKFPthS/GeNx5St/soszt2cZQY+CClUHyR6DfT6q5KtJ7TrVw6jPa7661PYNejS4MdppeWc6E8YJPESNroEL7w=="
    },
    "saxes": {
      "version": "4.0.2",
      "resolved": "https://registry.npmjs.org/saxes/-/saxes-4.0.2.tgz",
      "integrity": "sha512-EZOTeQ4bgkOaGCDaTKux+LaRNcLNbdbvMH7R3/yjEEULPEmqvkFbFub6DJhJTub2iGMT93CfpZ5LTdKZmAbVeQ==",
      "requires": {
        "xmlchars": "^2.2.0"
      }
    },
    "slimdom": {
      "version": "2.3.2",
      "resolved": "https://registry.npmjs.org/slimdom/-/slimdom-2.3.2.tgz",
      "integrity": "sha512-zFsKlkGyYRxRhSIoQSKzcHfRhlCNE9Sl87SLcLp8NitcoEufts+oCckDvHTkj8EhzQlPG9gmB+9qbV+iXQTlUg=="
    },
    "slimdom-sax-parser": {
      "version": "1.3.0",
      "resolved": "https://registry.npmjs.org/slimdom-sax-parser/-/slimdom-sax-parser-1.3.0.tgz",
      "integrity": "sha512-UKCHfEHa1CbnVBMaX7OkZV4q1x3NPilx0Lsc23mlMnSv4qHtHLK420LcJbyiZddwzilpNoOtQMo2EH5b6ktqyA==",
      "requires": {
        "saxes": "^4.0.2",
        "slimdom": "^2.3.1"
      }
    },
    "xmlchars": {
      "version": "2.2.0",
      "resolved": "https://registry.npmjs.org/xmlchars/-/xmlchars-2.2.0.tgz",
      "integrity": "sha512-JZnDKK8B0RCDw84FNdDAIpZK+JuJw+s7Lz8nksI7SIuU3UXJJslUthsi+uWBUYOwPFwW7W7PRLRfUKpxjtjFCw=="
    }
  }
}
